
Microsoft Visual Studio Solution File, Format Version 12.00
# Visual Studio Version 17
VisualStudioVersion = 17.3.32922.545
MinimumVisualStudioVersion = 10.0.40219.1
Project("{9A19103F-16F7-4668-BE54-9A1E7A4F7556}") = "YandexTraining", "YandexTraining\YandexTraining.csproj", "{6CEA1810-4815-4459-9EEA-FFA9D35ACC60}"
EndProject
Project("{2150E333-8FDC-42A3-9474-1A3956D46DE8}") = "Тренировки 1.0", "Тренировки 1.0", "{7E462ECA-C891-4C4A-9CED-E342D1046DF4}"
EndProject
Project("{2150E333-8FDC-42A3-9474-1A3956D46DE8}") = "1. Сложность, тестирование, особые случаи", "1. Сложность, тестирование, особые случаи", "{D42AB51D-D729-4FBB-9BB0-E100F83369B9}"
EndProject
Project("{9A19103F-16F7-4668-BE54-9A1E7A4F7556}") = "Template", "Template\Template.csproj", "{0914504D-F7EC-48AE-B889-A1C143384E8E}"
EndProject
Project("{2150E333-8FDC-42A3-9474-1A3956D46DE8}") = "2. Линейный поиск", "2. Линейный поиск", "{94297B6B-2CF3-495B-BF2B-6238F4FE04BD}"
EndProject
Project("{9A19103F-16F7-4668-BE54-9A1E7A4F7556}") = "A. Кондиционер", "Тренировки 1.0\1. Сложность, тестирование, особые случаи\A. Кондиционер\A. Кондиционер.csproj", "{58C025BA-ADA0-4722-8BFD-3A5D96943009}"
EndProject
Project("{9A19103F-16F7-4668-BE54-9A1E7A4F7556}") = "B. Треугольник", "Тренировки 1.0\1. Сложность, тестирование, особые случаи\B. Треугольник\B. Треугольник.csproj", "{5795C49F-301D-4DC8-B142-35B65D2AD80F}"
EndProject
Project("{9A19103F-16F7-4668-BE54-9A1E7A4F7556}") = "C. Телефонные номера", "Тренировки 1.0\1. Сложность, тестирование, особые случаи\C. Телефонные номера\C. Телефонные номера.csproj", "{7673ED4B-ECC5-4734-A6A9-9B24694343A4}"
EndProject
Project("{9A19103F-16F7-4668-BE54-9A1E7A4F7556}") = "D. Уравнение с корнем", "Тренировки 1.0\1. Сложность, тестирование, особые случаи\D. Уравнение с корнем\D. Уравнение с корнем.csproj", "{FCB76074-AE5D-453D-BA3E-A795090D53F0}"
EndProject
Project("{9A19103F-16F7-4668-BE54-9A1E7A4F7556}") = "E. Скорая помощь", "Тренировки 1.0\1. Сложность, тестирование, особые случаи\E. Скорая помощь\E. Скорая помощь.csproj", "{7DAF7198-11A3-4B1B-96E1-B03AB33A6241}"
EndProject
Project("{9A19103F-16F7-4668-BE54-9A1E7A4F7556}") = "F. Расстановка ноутбуков", "Тренировки 1.0\1. Сложность, тестирование, особые случаи\F. Расстановка ноутбуков\F. Расстановка ноутбуков.csproj", "{E9B534F7-B171-4BB0-9314-10D541FC41A9}"
EndProject
Project("{9A19103F-16F7-4668-BE54-9A1E7A4F7556}") = "G. Детали", "Тренировки 1.0\1. Сложность, тестирование, особые случаи\G. Детали\G. Детали.csproj", "{1D65579A-276D-406C-8345-F52335D65606}"
EndProject
Project("{9A19103F-16F7-4668-BE54-9A1E7A4F7556}") = "H. Метро", "Тренировки 1.0\1. Сложность, тестирование, особые случаи\H. Метро\H. Метро.csproj", "{03D4EF9D-01CB-4E33-AEDB-035B29DFEDB6}"
EndProject
Project("{9A19103F-16F7-4668-BE54-9A1E7A4F7556}") = "I. Узник замка Иф", "Тренировки 1.0\1. Сложность, тестирование, особые случаи\I. Узник замка Иф\I. Узник замка Иф.csproj", "{B02B2743-1F54-4D9D-8975-3425C5FBF7E1}"
EndProject
Project("{9A19103F-16F7-4668-BE54-9A1E7A4F7556}") = "J. Система линейных уравнений - 2", "Тренировки 1.0\1. Сложность, тестирование, особые случаи\J. Система линейных уравнений - 2\J. Система линейных уравнений - 2.csproj", "{008AF3D1-CAA4-4A00-AF0F-F62E7EF90C00}"
EndProject
Project("{9A19103F-16F7-4668-BE54-9A1E7A4F7556}") = "A. Возрастает ли список", "Тренировки 1.0\2. Линейный поиск\A. Возрастает ли список\A. Возрастает ли список.csproj", "{9F521137-FFF3-4E30-9FD6-95FCF862AAF4}"
EndProject
Project("{9A19103F-16F7-4668-BE54-9A1E7A4F7556}") = "B. Определить вид последовательности", "Тренировки 1.0\2. Линейный поиск\B. Определить вид последовательности\B. Определить вид последовательности.csproj", "{D4654498-8194-4497-A70A-EED819FA0DC0}"
EndProject
Project("{9A19103F-16F7-4668-BE54-9A1E7A4F7556}") = "C. Ближайшее число", "Тренировки 1.0\2. Линейный поиск\C. Ближайшее число\C. Ближайшее число.csproj", "{84802D51-1861-479D-A037-6F06DDD4AC37}"
EndProject
Project("{9A19103F-16F7-4668-BE54-9A1E7A4F7556}") = "D. Больше своих соседей", "Тренировки 1.0\2. Линейный поиск\D. Больше своих соседей\D. Больше своих соседей.csproj", "{4C96BF99-D54C-48EB-8151-CAEDEEB2DCB7}"
EndProject
Project("{9A19103F-16F7-4668-BE54-9A1E7A4F7556}") = "E. Чемпионат по метанию коровьих лепешек", "Тренировки 1.0\2. Линейный поиск\E. Чемпионат по метанию коровьих лепешек\E. Чемпионат по метанию коровьих лепешек.csproj", "{CC9F2FAF-230D-4A18-BF8A-CC5BAABC536B}"
EndProject
Project("{9A19103F-16F7-4668-BE54-9A1E7A4F7556}") = "F. Симметричная последовательность", "Тренировки 1.0\2. Линейный поиск\F. Симметричная последовательность\F. Симметричная последовательность.csproj", "{9CDF6C49-C994-464C-BA59-F088AF3A2007}"
EndProject
Project("{9A19103F-16F7-4668-BE54-9A1E7A4F7556}") = "G. Наибольшее произведение двух чисел", "Тренировки 1.0\2. Линейный поиск\G. Наибольшее произведение двух чисел\G. Наибольшее произведение двух чисел.csproj", "{4460B15A-1981-404C-84A6-6ADFD3EC0E2C}"
EndProject
Project("{9A19103F-16F7-4668-BE54-9A1E7A4F7556}") = "H. Наибольшее произведение трех чисел", "Тренировки 1.0\2. Линейный поиск\H. Наибольшее произведение трех чисел\H. Наибольшее произведение трех чисел.csproj", "{362C1D59-0915-4ADF-B9E6-63B4F5D87BC8}"
EndProject
Project("{9A19103F-16F7-4668-BE54-9A1E7A4F7556}") = "I. Сапер", "Тренировки 1.0\2. Линейный поиск\I. Сапер\I. Сапер.csproj", "{96F32025-FEC2-4B19-9779-A73454C0D3E2}"
EndProject
Project("{9A19103F-16F7-4668-BE54-9A1E7A4F7556}") = "J. Треугольник Максима", "Тренировки 1.0\2. Линейный поиск\J. Треугольник Максима\J. Треугольник Максима.csproj", "{75CB7346-6350-4B3E-99BD-BE0DC68C62C4}"
EndProject
Project("{2150E333-8FDC-42A3-9474-1A3956D46DE8}") = "3. Множества", "3. Множества", "{5EEE93FB-26A5-40F9-A345-86EED2204FD5}"
EndProject
Project("{9A19103F-16F7-4668-BE54-9A1E7A4F7556}") = "A. Количество различных чисел", "Тренировки 1.0\3. Множества\A. Количество различных чисел\A. Количество различных чисел.csproj", "{63F5286C-65C3-4DBE-9DC5-18DEF3CB2156}"
EndProject
Project("{9A19103F-16F7-4668-BE54-9A1E7A4F7556}") = "B. Пересечение множеств", "Тренировки 1.0\3. Множества\B. Пересечение множеств\B. Пересечение множеств.csproj", "{409D338F-9FA4-4FDB-B382-5EC76EE4F3A5}"
EndProject
Project("{9A19103F-16F7-4668-BE54-9A1E7A4F7556}") = "C. Кубики", "Тренировки 1.0\3. Множества\C. Кубики\C. Кубики.csproj", "{7E1922C6-9B19-4C4E-870E-9759C6D1D022}"
EndProject
Project("{9A19103F-16F7-4668-BE54-9A1E7A4F7556}") = "D. Количество слов в тексте", "Тренировки 1.0\3. Множества\D. Количество слов в тексте\D. Количество слов в тексте.csproj", "{070E4D67-7FA3-4BD0-AE54-49740F367CCB}"
EndProject
Project("{9A19103F-16F7-4668-BE54-9A1E7A4F7556}") = "E. OpenCalculator", "Тренировки 1.0\3. Множества\E. OpenCalculator\E. OpenCalculator.csproj", "{7A401135-2814-495D-ACFE-DFCBFEB2D59B}"
EndProject
Project("{9A19103F-16F7-4668-BE54-9A1E7A4F7556}") = "F. Инопланетный геном", "Тренировки 1.0\3. Множества\F. Инопланетный геном\F. Инопланетный геном.csproj", "{66A45954-53B0-44FC-9D56-6D616D8444F6}"
EndProject
Project("{9A19103F-16F7-4668-BE54-9A1E7A4F7556}") = "G. Черепахи", "Тренировки 1.0\3. Множества\G. Черепахи\G. Черепахи.csproj", "{88D9EA14-0EE8-475B-A29E-69A253446F04}"
EndProject
Project("{9A19103F-16F7-4668-BE54-9A1E7A4F7556}") = "H. Злые свинки", "Тренировки 1.0\3. Множества\H. Злые свинки\H. Злые свинки.csproj", "{9B1C99C6-0B68-4B3D-814B-BA459E4BA37F}"
EndProject
Project("{9A19103F-16F7-4668-BE54-9A1E7A4F7556}") = "I. Полиглоты", "Тренировки 1.0\3. Множества\I. Полиглоты\I. Полиглоты.csproj", "{0D3BA153-0EBF-4030-9837-152E7AB319C5}"
EndProject
Project("{9A19103F-16F7-4668-BE54-9A1E7A4F7556}") = "J. Пробежки по Манхэттену", "Тренировки 1.0\3. Множества\J. Пробежки по Манхэттену\J. Пробежки по Манхэттену.csproj", "{093246AB-CE22-4DDD-A2F2-99905BA4E37C}"
EndProject
Project("{2150E333-8FDC-42A3-9474-1A3956D46DE8}") = "4. Словари и сортировка подсчётом", "4. Словари и сортировка подсчётом", "{64E57F0D-12F0-4C8B-9613-E950A7B6B837}"
EndProject
Project("{9A19103F-16F7-4668-BE54-9A1E7A4F7556}") = "A. Словарь синонимов", "Тренировки 1.0\4. Словари и сортировка подсчётом\A. Словарь синонимов\A. Словарь синонимов.csproj", "{2D90532C-4D04-4699-ABAB-0AD69D93A876}"
EndProject
Project("{9A19103F-16F7-4668-BE54-9A1E7A4F7556}") = "B. Номер появления слова", "Тренировки 1.0\4. Словари и сортировка подсчётом\B. Номер появления слова\B. Номер появления слова.csproj", "{76ABDEFC-E560-475C-83EE-22E8F684C807}"
EndProject
Project("{9A19103F-16F7-4668-BE54-9A1E7A4F7556}") = "C. Самое частое слово", "Тренировки 1.0\4. Словари и сортировка подсчётом\C. Самое частое слово\C. Самое частое слово.csproj", "{AED70950-A872-47B9-9917-2698CAFCC280}"
EndProject
Project("{9A19103F-16F7-4668-BE54-9A1E7A4F7556}") = "D. Клавиатура", "Тренировки 1.0\4. Словари и сортировка подсчётом\D. Клавиатура\D. Клавиатура.csproj", "{66A62560-DA67-43BF-A0DE-BD51B11AD081}"
EndProject
Project("{9A19103F-16F7-4668-BE54-9A1E7A4F7556}") = "E. Пирамида", "Тренировки 1.0\4. Словари и сортировка подсчётом\E. Пирамида\E. Пирамида.csproj", "{510A6A8E-5DCD-49BC-A08E-808C3499E5C3}"
EndProject
Project("{9A19103F-16F7-4668-BE54-9A1E7A4F7556}") = "F. Продажи", "Тренировки 1.0\4. Словари и сортировка подсчётом\F. Продажи\F. Продажи.csproj", "{611BBA0E-8BF4-4885-80DF-A91106B8A4CE}"
EndProject
Project("{9A19103F-16F7-4668-BE54-9A1E7A4F7556}") = "G. Банковские счета", "Тренировки 1.0\4. Словари и сортировка подсчётом\G. Банковские счета\G. Банковские счета.csproj", "{8FCB4F59-0BE8-4C8C-BF1A-45CD5C0D60DE}"
EndProject
Project("{9A19103F-16F7-4668-BE54-9A1E7A4F7556}") = "H. Расшифровка письменности Майя", "Тренировки 1.0\4. Словари и сортировка подсчётом\H. Расшифровка письменности Майя\H. Расшифровка письменности Майя.csproj", "{F618284E-CDD7-43D4-AC38-6DC8F13647D7}"
EndProject
Project("{9A19103F-16F7-4668-BE54-9A1E7A4F7556}") = "I. Контрольная по ударениям", "Тренировки 1.0\4. Словари и сортировка подсчётом\I. Контрольная по ударениям\I. Контрольная по ударениям.csproj", "{C364E7B1-EC5B-4A69-963F-FD80E58B6F24}"
EndProject
Project("{9A19103F-16F7-4668-BE54-9A1E7A4F7556}") = "J. Дополнительная проверка на списывание", "Тренировки 1.0\4. Словари и сортировка подсчётом\J. Дополнительная проверка на списывание\J. Дополнительная проверка на списывание.csproj", "{1E26A3AB-4639-4C41-8528-53086A4563AE}"
EndProject
Project("{2150E333-8FDC-42A3-9474-1A3956D46DE8}") = "5. Префиксные суммы и два указателя", "5. Префиксные суммы и два указателя", "{40B25A4A-0046-440F-9131-ED2B8646FCC8}"
EndProject
Project("{9A19103F-16F7-4668-BE54-9A1E7A4F7556}") = "A. Стильная одежда", "Тренировки 1.0\5. Префиксные суммы и два указателя\A. Стильная одежда\A. Стильная одежда.csproj", "{CEDA3B92-3FD3-41B0-B31B-2DBDF3493FE3}"
EndProject
Project("{9A19103F-16F7-4668-BE54-9A1E7A4F7556}") = "B. Сумма номеров", "Тренировки 1.0\5. Префиксные суммы и два указателя\B. Сумма номеров\B. Сумма номеров.csproj", "{A9B61C21-1A5C-45CD-944C-0D4410F2049E}"
EndProject
Project("{9A19103F-16F7-4668-BE54-9A1E7A4F7556}") = "C. Туризм", "Тренировки 1.0\5. Префиксные суммы и два указателя\C. Туризм\C. Туризм\C. Туризм.csproj", "{1AC8FBA8-3C3F-466E-B65E-870B87F3A9B5}"
EndProject
Project("{9A19103F-16F7-4668-BE54-9A1E7A4F7556}") = "D. Город Че", "Тренировки 1.0\5. Префиксные суммы и два указателя\D. Город Че\D. Город Че.csproj", "{73D08884-741E-41EA-9172-E3EDF79F32D7}"
EndProject
Project("{9A19103F-16F7-4668-BE54-9A1E7A4F7556}") = "E. Красота превыше всего", "Тренировки 1.0\5. Префиксные суммы и два указателя\E. Красота превыше всего\E. Красота превыше всего.csproj", "{C1D39633-7178-4C42-AE75-DB1E0691278A}"
EndProject
Project("{9A19103F-16F7-4668-BE54-9A1E7A4F7556}") = "F. Кондиционеры", "Тренировки 1.0\5. Префиксные суммы и два указателя\F. Кондиционеры\F. Кондиционеры.csproj", "{92C48298-10BB-46FB-9A54-DC03258942BB}"
EndProject
Project("{9A19103F-16F7-4668-BE54-9A1E7A4F7556}") = "G. Счет в гипершашках", "Тренировки 1.0\5. Префиксные суммы и два указателя\G. Счет в гипершашках\G. Счет в гипершашках.csproj", "{88913D70-DA85-4615-95AF-20CDB3A0AABF}"
EndProject
Project("{9A19103F-16F7-4668-BE54-9A1E7A4F7556}") = "H. Подстрока", "Тренировки 1.0\5. Префиксные суммы и два указателя\H. Подстрока\H. Подстрока.csproj", "{42BABA47-BDD6-4300-9814-0C684EDE81FC}"
EndProject
Project("{9A19103F-16F7-4668-BE54-9A1E7A4F7556}") = "I. Робот", "Тренировки 1.0\5. Префиксные суммы и два указателя\I. Робот\I. Робот.csproj", "{74DF05AA-1AB6-446B-935F-31E39588EBDD}"
EndProject
Project("{9A19103F-16F7-4668-BE54-9A1E7A4F7556}") = "J. Треугольники", "Тренировки 1.0\5. Префиксные суммы и два указателя\J. Треугольники\J. Треугольники.csproj", "{E9691BC5-E195-44B3-B95C-90D6895A4856}"
EndProject
Project("{2150E333-8FDC-42A3-9474-1A3956D46DE8}") = "6. Бинарный поиск", "6. Бинарный поиск", "{3C263EF8-81D6-4ED8-A758-5B5B4E1F27DB}"
EndProject
Project("{9A19103F-16F7-4668-BE54-9A1E7A4F7556}") = "A. Двоичный поиск", "Тренировки 1.0\6. Бинарный поиск\A. Двоичный поиск\A. Двоичный поиск.csproj", "{1638D5C1-CAE7-4B0A-A505-56422EDF6C63}"
EndProject
Project("{9A19103F-16F7-4668-BE54-9A1E7A4F7556}") = "B. Приближенный двоичный поиск", "Тренировки 1.0\6. Бинарный поиск\B. Приближенный двоичный поиск\B. Приближенный двоичный поиск.csproj", "{F225F860-9885-4DA0-A6E7-4D6CDB17BFE2}"
EndProject
Project("{9A19103F-16F7-4668-BE54-9A1E7A4F7556}") = "C. Дипломы", "Тренировки 1.0\6. Бинарный поиск\C. Дипломы\C. Дипломы.csproj", "{FE52F20F-4FB9-4C9E-A356-21017FEF705A}"
EndProject
Project("{9A19103F-16F7-4668-BE54-9A1E7A4F7556}") = "D. Космическое поселение", "Тренировки 1.0\6. Бинарный поиск\D. Космическое поселение\D. Космическое поселение.csproj", "{46FBE32B-3F9E-42D2-914D-9343CF1B9B80}"
EndProject
Project("{9A19103F-16F7-4668-BE54-9A1E7A4F7556}") = "E. Улучшение успеваемости", "Тренировки 1.0\6. Бинарный поиск\E. Улучшение успеваемости\E. Улучшение успеваемости.csproj", "{1BC99B4F-2B52-4C21-BE29-ACBE4B87AA81}"
EndProject
Project("{9A19103F-16F7-4668-BE54-9A1E7A4F7556}") = "F. Очень легкая задача", "Тренировки 1.0\6. Бинарный поиск\F. Очень легкая задача\F. Очень легкая задача.csproj", "{34B5B3E4-DAFA-4472-87D5-25A89C12575E}"
EndProject
Project("{9A19103F-16F7-4668-BE54-9A1E7A4F7556}") = "G. Площадь", "Тренировки 1.0\6. Бинарный поиск\G. Площадь\G. Площадь.csproj", "{AF56390C-5133-4B6F-AECF-1F8BF4FADF0F}"
EndProject
Project("{9A19103F-16F7-4668-BE54-9A1E7A4F7556}") = "H. Провода", "Тренировки 1.0\6. Бинарный поиск\H. Провода\H. Провода.csproj", "{E3C2A381-E50F-40E7-AF88-966A21B9CD3F}"
EndProject
Project("{9A19103F-16F7-4668-BE54-9A1E7A4F7556}") = "I. Субботник", "Тренировки 1.0\6. Бинарный поиск\I. Субботник\I. Субботник.csproj", "{F9BFE589-9429-45BD-935D-444AC068F373}"
EndProject
Project("{9A19103F-16F7-4668-BE54-9A1E7A4F7556}") = "J. Медиана объединения", "Тренировки 1.0\6. Бинарный поиск\J. Медиана объединения\J. Медиана объединения.csproj", "{75039A66-DEEA-4674-BE3D-8C0D690B9FA6}"
EndProject
Project("{9A19103F-16F7-4668-BE54-9A1E7A4F7556}") = "K. Медиана объединения-2", "Тренировки 1.0\6. Бинарный поиск\K. Медиана объединения-2\K. Медиана объединения-2\K. Медиана объединения-2.csproj", "{BB6314B3-3A0F-4E80-9B17-C83695F51BEA}"
EndProject
Project("{2150E333-8FDC-42A3-9474-1A3956D46DE8}") = "7. Сортировка событий", "7. Сортировка событий", "{CC4525CF-F72F-4DC7-9254-78ECAC510228}"
EndProject
Project("{9A19103F-16F7-4668-BE54-9A1E7A4F7556}") = "A. Наблюдение за студентами", "Тренировки 1.0\7. Сортировка событий\A. Наблюдение за студентами\A. Наблюдение за студентами.csproj", "{280FB140-51D4-4CA5-BBC2-6CB97D41AAC9}"
EndProject
Project("{9A19103F-16F7-4668-BE54-9A1E7A4F7556}") = "B. Точки и отрезки", "Тренировки 1.0\7. Сортировка событий\B. Точки и отрезки\B. Точки и отрезки.csproj", "{D168E004-FB7F-4F56-844A-E3BE9315E4DD}"
EndProject
Project("{9A19103F-16F7-4668-BE54-9A1E7A4F7556}") = "C. Рассадка в аудитории", "Тренировки 1.0\7. Сортировка событий\C. Рассадка в аудитории\C. Рассадка в аудитории.csproj", "{33D394BB-EA42-40D3-AAB2-E46F8E4B619A}"
EndProject
Project("{9A19103F-16F7-4668-BE54-9A1E7A4F7556}") = "D. Реклама", "Тренировки 1.0\7. Сортировка событий\D. Реклама\D. Реклама.csproj", "{328FFD40-B718-4D29-8BEE-8A02BF5F9796}"
EndProject
Project("{9A19103F-16F7-4668-BE54-9A1E7A4F7556}") = "E. Кассы", "Тренировки 1.0\7. Сортировка событий\E. Кассы\E. Кассы.csproj", "{0D655740-4649-450A-A483-6F5A3524283D}"
EndProject
Project("{9A19103F-16F7-4668-BE54-9A1E7A4F7556}") = "F. Современники", "Тренировки 1.0\7. Сортировка событий\F. Современники\F. Современники.csproj", "{11261F2E-72AB-49C8-ADE7-189A382BE4E2}"
EndProject
Project("{9A19103F-16F7-4668-BE54-9A1E7A4F7556}") = "G. Детский праздник", "Тренировки 1.0\7. Сортировка событий\G. Детский праздник\G. Детский праздник.csproj", "{DDA23178-6DEE-4903-8B48-DDA0F4B5A78C}"
EndProject
Project("{9A19103F-16F7-4668-BE54-9A1E7A4F7556}") = "H. Охрана", "Тренировки 1.0\7. Сортировка событий\H. Охрана\H. Охрана.csproj", "{E8ADEEA6-9F17-47CE-B2CF-E4530168D0B0}"
EndProject
Project("{9A19103F-16F7-4668-BE54-9A1E7A4F7556}") = "I. Автобусы", "Тренировки 1.0\7. Сортировка событий\I. Автобусы\I. Автобусы.csproj", "{E3B57564-582E-4FC4-9AC7-5EF69398B5FE}"
EndProject
Project("{9A19103F-16F7-4668-BE54-9A1E7A4F7556}") = "J. НГУ-стройка", "Тренировки 1.0\7. Сортировка событий\J. НГУ-стройка\J. НГУ-стройка.csproj", "{0A0D76C6-2302-418E-A9FA-D1C1D28C33FC}"
EndProject
Project("{2150E333-8FDC-42A3-9474-1A3956D46DE8}") = "8. Деревья", "8. Деревья", "{998AD3B9-12D0-485C-B5DC-36121E1CD35F}"
EndProject
Project("{9A19103F-16F7-4668-BE54-9A1E7A4F7556}") = "A. Высота дерева", "Тренировки 1.0\8. Деревья\A. Высота дерева\A. Высота дерева.csproj", "{87881057-D6DB-42C2-A269-8E350D17BE85}"
EndProject
Project("{9A19103F-16F7-4668-BE54-9A1E7A4F7556}") = "B. Глубина добавляемых элементов", "Тренировки 1.0\8. Деревья\B. Глубина добавляемых элементов\B. Глубина добавляемых элементов.csproj", "{1165B561-27B4-4506-BD3F-38D8725F89F9}"
EndProject
Project("{9A19103F-16F7-4668-BE54-9A1E7A4F7556}") = "C. Второй максимум", "Тренировки 1.0\8. Деревья\C. Второй максимум\C. Второй максимум.csproj", "{D47B9A83-D6A6-4F07-B00A-C85872F85820}"
EndProject
Project("{9A19103F-16F7-4668-BE54-9A1E7A4F7556}") = "D. Обход", "Тренировки 1.0\8. Деревья\D. Обход\D. Обход.csproj", "{638F81D9-71C5-49C9-A940-86533106A4E7}"
EndProject
Project("{9A19103F-16F7-4668-BE54-9A1E7A4F7556}") = "E. Вывод листьев", "Тренировки 1.0\8. Деревья\E. Вывод листьев\E. Вывод листьев.csproj", "{EAB7D7B6-2F09-4A1C-B0F6-407AB92B9EE8}"
EndProject
Project("{9A19103F-16F7-4668-BE54-9A1E7A4F7556}") = "F. Вывод развилок", "Тренировки 1.0\8. Деревья\F. Вывод развилок\F. Вывод развилок.csproj", "{92C63450-60CD-4C80-BBCE-40283D4F8D8C}"
EndProject
Project("{9A19103F-16F7-4668-BE54-9A1E7A4F7556}") = "G. Вывод веток", "Тренировки 1.0\8. Деревья\G. Вывод веток\G. Вывод веток.csproj", "{F9F38A9D-66BE-493C-A300-36C1D39BBEE5}"
EndProject
Project("{9A19103F-16F7-4668-BE54-9A1E7A4F7556}") = "H. АВЛ-сбалансированность", "Тренировки 1.0\8. Деревья\H. АВЛ-сбалансированность\H. АВЛ-сбалансированность.csproj", "{4479323E-F0A4-4EC5-A91F-BB17F187C147}"
EndProject
Project("{9A19103F-16F7-4668-BE54-9A1E7A4F7556}") = "I. Родословная - число потомков", "Тренировки 1.0\8. Деревья\I. Родословная - число потомков\I. Родословная - число потомков.csproj", "{21ADF9A0-01FC-407D-B794-9A5B3F77923C}"
EndProject
Project("{9A19103F-16F7-4668-BE54-9A1E7A4F7556}") = "J. Родословная - подсчет уровней", "Тренировки 1.0\8. Деревья\J. Родословная - подсчет уровней\J. Родословная - подсчет уровней.csproj", "{201EDC7C-B76D-4E66-A710-AC65F6FA3676}"
EndProject
Project("{2150E333-8FDC-42A3-9474-1A3956D46DE8}") = "Тренировки 2.0", "Тренировки 2.0", "{11F4AA21-D6A2-455C-AF4B-9D1E2DC52F4B}"
EndProject
Project("{2150E333-8FDC-42A3-9474-1A3956D46DE8}") = "Дивизион B", "Дивизион B", "{521A175B-2942-47A1-B207-94B311EF6E5D}"
EndProject
Project("{2150E333-8FDC-42A3-9474-1A3956D46DE8}") = "Дивизион A", "Дивизион A", "{65320D93-615C-4BE8-ADCE-DECC781C0668}"
EndProject
Project("{2150E333-8FDC-42A3-9474-1A3956D46DE8}") = "Домашнее задание №1", "Домашнее задание №1", "{614B9FDB-66D4-40E4-8307-5D26CBF7288D}"
EndProject
Project("{2150E333-8FDC-42A3-9474-1A3956D46DE8}") = "Домашнее задание №2", "Домашнее задание №2", "{4559A1C2-E666-4F38-8453-F8569A984FC5}"
EndProject
Project("{2150E333-8FDC-42A3-9474-1A3956D46DE8}") = "Домашнее задание №1", "Домашнее задание №1", "{9ED285EF-1CFB-4688-860F-259874DDD87E}"
EndProject
Project("{2150E333-8FDC-42A3-9474-1A3956D46DE8}") = "Домашнее задание №2", "Домашнее задание №2", "{9C9714C6-989C-4DE1-96D3-924CA508533D}"
EndProject
Project("{FAE04EC0-301F-11D3-BF4B-00C04F79EFBC}") = "A. Interactor", "Тренировки 2.0\Дивизион B\Домашнее задание №1\A. Interactor\A. Interactor.csproj", "{4B2E00F0-79E8-43C5-9340-A472A83ECFFD}"
EndProject
Project("{FAE04EC0-301F-11D3-BF4B-00C04F79EFBC}") = "B. Кольцевая линия метро", "Тренировки 2.0\Дивизион B\Домашнее задание №1\B. Кольцевая линия метро\B. Кольцевая линия метро.csproj", "{2980F34E-FAAB-4A17-B1D1-18ECA98AFBC4}"
EndProject
Project("{FAE04EC0-301F-11D3-BF4B-00C04F79EFBC}") = "C. Даты", "Тренировки 2.0\Дивизион B\Домашнее задание №1\C. Даты\C. Даты.csproj", "{89A78796-1375-4504-A2E3-CC04CBB61338}"
EndProject
Project("{FAE04EC0-301F-11D3-BF4B-00C04F79EFBC}") = "D. Строительство школы", "Тренировки 2.0\Дивизион B\Домашнее задание №1\D. Строительство школы\D. Строительство школы.csproj", "{409F5879-6537-410D-B0B7-DE4AA08C4260}"
EndProject
Project("{FAE04EC0-301F-11D3-BF4B-00C04F79EFBC}") = "E. Точка и треугольник", "Тренировки 2.0\Дивизион B\Домашнее задание №1\E. Точка и треугольник\E. Точка и треугольник.csproj", "{1A16DA31-768F-46D4-B7CA-9B8A0B078ED4}"
EndProject
Global
	GlobalSection(SolutionConfigurationPlatforms) = preSolution
		Debug|Any CPU = Debug|Any CPU
		Release|Any CPU = Release|Any CPU
	EndGlobalSection
	GlobalSection(ProjectConfigurationPlatforms) = postSolution
		{6CEA1810-4815-4459-9EEA-FFA9D35ACC60}.Debug|Any CPU.ActiveCfg = Debug|Any CPU
		{6CEA1810-4815-4459-9EEA-FFA9D35ACC60}.Debug|Any CPU.Build.0 = Debug|Any CPU
		{6CEA1810-4815-4459-9EEA-FFA9D35ACC60}.Release|Any CPU.ActiveCfg = Release|Any CPU
		{6CEA1810-4815-4459-9EEA-FFA9D35ACC60}.Release|Any CPU.Build.0 = Release|Any CPU
		{0914504D-F7EC-48AE-B889-A1C143384E8E}.Debug|Any CPU.ActiveCfg = Debug|Any CPU
		{0914504D-F7EC-48AE-B889-A1C143384E8E}.Debug|Any CPU.Build.0 = Debug|Any CPU
		{0914504D-F7EC-48AE-B889-A1C143384E8E}.Release|Any CPU.ActiveCfg = Release|Any CPU
		{0914504D-F7EC-48AE-B889-A1C143384E8E}.Release|Any CPU.Build.0 = Release|Any CPU
		{58C025BA-ADA0-4722-8BFD-3A5D96943009}.Debug|Any CPU.ActiveCfg = Debug|Any CPU
		{58C025BA-ADA0-4722-8BFD-3A5D96943009}.Debug|Any CPU.Build.0 = Debug|Any CPU
		{58C025BA-ADA0-4722-8BFD-3A5D96943009}.Release|Any CPU.ActiveCfg = Release|Any CPU
		{58C025BA-ADA0-4722-8BFD-3A5D96943009}.Release|Any CPU.Build.0 = Release|Any CPU
		{5795C49F-301D-4DC8-B142-35B65D2AD80F}.Debug|Any CPU.ActiveCfg = Debug|Any CPU
		{5795C49F-301D-4DC8-B142-35B65D2AD80F}.Debug|Any CPU.Build.0 = Debug|Any CPU
		{5795C49F-301D-4DC8-B142-35B65D2AD80F}.Release|Any CPU.ActiveCfg = Release|Any CPU
		{5795C49F-301D-4DC8-B142-35B65D2AD80F}.Release|Any CPU.Build.0 = Release|Any CPU
		{7673ED4B-ECC5-4734-A6A9-9B24694343A4}.Debug|Any CPU.ActiveCfg = Debug|Any CPU
		{7673ED4B-ECC5-4734-A6A9-9B24694343A4}.Debug|Any CPU.Build.0 = Debug|Any CPU
		{7673ED4B-ECC5-4734-A6A9-9B24694343A4}.Release|Any CPU.ActiveCfg = Release|Any CPU
		{7673ED4B-ECC5-4734-A6A9-9B24694343A4}.Release|Any CPU.Build.0 = Release|Any CPU
		{FCB76074-AE5D-453D-BA3E-A795090D53F0}.Debug|Any CPU.ActiveCfg = Debug|Any CPU
		{FCB76074-AE5D-453D-BA3E-A795090D53F0}.Debug|Any CPU.Build.0 = Debug|Any CPU
		{FCB76074-AE5D-453D-BA3E-A795090D53F0}.Release|Any CPU.ActiveCfg = Release|Any CPU
		{FCB76074-AE5D-453D-BA3E-A795090D53F0}.Release|Any CPU.Build.0 = Release|Any CPU
		{7DAF7198-11A3-4B1B-96E1-B03AB33A6241}.Debug|Any CPU.ActiveCfg = Debug|Any CPU
		{7DAF7198-11A3-4B1B-96E1-B03AB33A6241}.Debug|Any CPU.Build.0 = Debug|Any CPU
		{7DAF7198-11A3-4B1B-96E1-B03AB33A6241}.Release|Any CPU.ActiveCfg = Release|Any CPU
		{7DAF7198-11A3-4B1B-96E1-B03AB33A6241}.Release|Any CPU.Build.0 = Release|Any CPU
		{E9B534F7-B171-4BB0-9314-10D541FC41A9}.Debug|Any CPU.ActiveCfg = Debug|Any CPU
		{E9B534F7-B171-4BB0-9314-10D541FC41A9}.Debug|Any CPU.Build.0 = Debug|Any CPU
		{E9B534F7-B171-4BB0-9314-10D541FC41A9}.Release|Any CPU.ActiveCfg = Release|Any CPU
		{E9B534F7-B171-4BB0-9314-10D541FC41A9}.Release|Any CPU.Build.0 = Release|Any CPU
		{1D65579A-276D-406C-8345-F52335D65606}.Debug|Any CPU.ActiveCfg = Debug|Any CPU
		{1D65579A-276D-406C-8345-F52335D65606}.Debug|Any CPU.Build.0 = Debug|Any CPU
		{1D65579A-276D-406C-8345-F52335D65606}.Release|Any CPU.ActiveCfg = Release|Any CPU
		{1D65579A-276D-406C-8345-F52335D65606}.Release|Any CPU.Build.0 = Release|Any CPU
		{03D4EF9D-01CB-4E33-AEDB-035B29DFEDB6}.Debug|Any CPU.ActiveCfg = Debug|Any CPU
		{03D4EF9D-01CB-4E33-AEDB-035B29DFEDB6}.Debug|Any CPU.Build.0 = Debug|Any CPU
		{03D4EF9D-01CB-4E33-AEDB-035B29DFEDB6}.Release|Any CPU.ActiveCfg = Release|Any CPU
		{03D4EF9D-01CB-4E33-AEDB-035B29DFEDB6}.Release|Any CPU.Build.0 = Release|Any CPU
		{B02B2743-1F54-4D9D-8975-3425C5FBF7E1}.Debug|Any CPU.ActiveCfg = Debug|Any CPU
		{B02B2743-1F54-4D9D-8975-3425C5FBF7E1}.Debug|Any CPU.Build.0 = Debug|Any CPU
		{B02B2743-1F54-4D9D-8975-3425C5FBF7E1}.Release|Any CPU.ActiveCfg = Release|Any CPU
		{B02B2743-1F54-4D9D-8975-3425C5FBF7E1}.Release|Any CPU.Build.0 = Release|Any CPU
		{008AF3D1-CAA4-4A00-AF0F-F62E7EF90C00}.Debug|Any CPU.ActiveCfg = Debug|Any CPU
		{008AF3D1-CAA4-4A00-AF0F-F62E7EF90C00}.Debug|Any CPU.Build.0 = Debug|Any CPU
		{008AF3D1-CAA4-4A00-AF0F-F62E7EF90C00}.Release|Any CPU.ActiveCfg = Release|Any CPU
		{008AF3D1-CAA4-4A00-AF0F-F62E7EF90C00}.Release|Any CPU.Build.0 = Release|Any CPU
		{9F521137-FFF3-4E30-9FD6-95FCF862AAF4}.Debug|Any CPU.ActiveCfg = Debug|Any CPU
		{9F521137-FFF3-4E30-9FD6-95FCF862AAF4}.Debug|Any CPU.Build.0 = Debug|Any CPU
		{9F521137-FFF3-4E30-9FD6-95FCF862AAF4}.Release|Any CPU.ActiveCfg = Release|Any CPU
		{9F521137-FFF3-4E30-9FD6-95FCF862AAF4}.Release|Any CPU.Build.0 = Release|Any CPU
		{D4654498-8194-4497-A70A-EED819FA0DC0}.Debug|Any CPU.ActiveCfg = Debug|Any CPU
		{D4654498-8194-4497-A70A-EED819FA0DC0}.Debug|Any CPU.Build.0 = Debug|Any CPU
		{D4654498-8194-4497-A70A-EED819FA0DC0}.Release|Any CPU.ActiveCfg = Release|Any CPU
		{D4654498-8194-4497-A70A-EED819FA0DC0}.Release|Any CPU.Build.0 = Release|Any CPU
		{84802D51-1861-479D-A037-6F06DDD4AC37}.Debug|Any CPU.ActiveCfg = Debug|Any CPU
		{84802D51-1861-479D-A037-6F06DDD4AC37}.Debug|Any CPU.Build.0 = Debug|Any CPU
		{84802D51-1861-479D-A037-6F06DDD4AC37}.Release|Any CPU.ActiveCfg = Release|Any CPU
		{84802D51-1861-479D-A037-6F06DDD4AC37}.Release|Any CPU.Build.0 = Release|Any CPU
		{4C96BF99-D54C-48EB-8151-CAEDEEB2DCB7}.Debug|Any CPU.ActiveCfg = Debug|Any CPU
		{4C96BF99-D54C-48EB-8151-CAEDEEB2DCB7}.Debug|Any CPU.Build.0 = Debug|Any CPU
		{4C96BF99-D54C-48EB-8151-CAEDEEB2DCB7}.Release|Any CPU.ActiveCfg = Release|Any CPU
		{4C96BF99-D54C-48EB-8151-CAEDEEB2DCB7}.Release|Any CPU.Build.0 = Release|Any CPU
		{CC9F2FAF-230D-4A18-BF8A-CC5BAABC536B}.Debug|Any CPU.ActiveCfg = Debug|Any CPU
		{CC9F2FAF-230D-4A18-BF8A-CC5BAABC536B}.Debug|Any CPU.Build.0 = Debug|Any CPU
		{CC9F2FAF-230D-4A18-BF8A-CC5BAABC536B}.Release|Any CPU.ActiveCfg = Release|Any CPU
		{CC9F2FAF-230D-4A18-BF8A-CC5BAABC536B}.Release|Any CPU.Build.0 = Release|Any CPU
		{9CDF6C49-C994-464C-BA59-F088AF3A2007}.Debug|Any CPU.ActiveCfg = Debug|Any CPU
		{9CDF6C49-C994-464C-BA59-F088AF3A2007}.Debug|Any CPU.Build.0 = Debug|Any CPU
		{9CDF6C49-C994-464C-BA59-F088AF3A2007}.Release|Any CPU.ActiveCfg = Release|Any CPU
		{9CDF6C49-C994-464C-BA59-F088AF3A2007}.Release|Any CPU.Build.0 = Release|Any CPU
		{4460B15A-1981-404C-84A6-6ADFD3EC0E2C}.Debug|Any CPU.ActiveCfg = Debug|Any CPU
		{4460B15A-1981-404C-84A6-6ADFD3EC0E2C}.Debug|Any CPU.Build.0 = Debug|Any CPU
		{4460B15A-1981-404C-84A6-6ADFD3EC0E2C}.Release|Any CPU.ActiveCfg = Release|Any CPU
		{4460B15A-1981-404C-84A6-6ADFD3EC0E2C}.Release|Any CPU.Build.0 = Release|Any CPU
		{362C1D59-0915-4ADF-B9E6-63B4F5D87BC8}.Debug|Any CPU.ActiveCfg = Debug|Any CPU
		{362C1D59-0915-4ADF-B9E6-63B4F5D87BC8}.Debug|Any CPU.Build.0 = Debug|Any CPU
		{362C1D59-0915-4ADF-B9E6-63B4F5D87BC8}.Release|Any CPU.ActiveCfg = Release|Any CPU
		{362C1D59-0915-4ADF-B9E6-63B4F5D87BC8}.Release|Any CPU.Build.0 = Release|Any CPU
		{96F32025-FEC2-4B19-9779-A73454C0D3E2}.Debug|Any CPU.ActiveCfg = Debug|Any CPU
		{96F32025-FEC2-4B19-9779-A73454C0D3E2}.Debug|Any CPU.Build.0 = Debug|Any CPU
		{96F32025-FEC2-4B19-9779-A73454C0D3E2}.Release|Any CPU.ActiveCfg = Release|Any CPU
		{96F32025-FEC2-4B19-9779-A73454C0D3E2}.Release|Any CPU.Build.0 = Release|Any CPU
		{75CB7346-6350-4B3E-99BD-BE0DC68C62C4}.Debug|Any CPU.ActiveCfg = Debug|Any CPU
		{75CB7346-6350-4B3E-99BD-BE0DC68C62C4}.Debug|Any CPU.Build.0 = Debug|Any CPU
		{75CB7346-6350-4B3E-99BD-BE0DC68C62C4}.Release|Any CPU.ActiveCfg = Release|Any CPU
		{75CB7346-6350-4B3E-99BD-BE0DC68C62C4}.Release|Any CPU.Build.0 = Release|Any CPU
		{63F5286C-65C3-4DBE-9DC5-18DEF3CB2156}.Debug|Any CPU.ActiveCfg = Debug|Any CPU
		{63F5286C-65C3-4DBE-9DC5-18DEF3CB2156}.Debug|Any CPU.Build.0 = Debug|Any CPU
		{63F5286C-65C3-4DBE-9DC5-18DEF3CB2156}.Release|Any CPU.ActiveCfg = Release|Any CPU
		{63F5286C-65C3-4DBE-9DC5-18DEF3CB2156}.Release|Any CPU.Build.0 = Release|Any CPU
		{409D338F-9FA4-4FDB-B382-5EC76EE4F3A5}.Debug|Any CPU.ActiveCfg = Debug|Any CPU
		{409D338F-9FA4-4FDB-B382-5EC76EE4F3A5}.Debug|Any CPU.Build.0 = Debug|Any CPU
		{409D338F-9FA4-4FDB-B382-5EC76EE4F3A5}.Release|Any CPU.ActiveCfg = Release|Any CPU
		{409D338F-9FA4-4FDB-B382-5EC76EE4F3A5}.Release|Any CPU.Build.0 = Release|Any CPU
		{7E1922C6-9B19-4C4E-870E-9759C6D1D022}.Debug|Any CPU.ActiveCfg = Debug|Any CPU
		{7E1922C6-9B19-4C4E-870E-9759C6D1D022}.Debug|Any CPU.Build.0 = Debug|Any CPU
		{7E1922C6-9B19-4C4E-870E-9759C6D1D022}.Release|Any CPU.ActiveCfg = Release|Any CPU
		{7E1922C6-9B19-4C4E-870E-9759C6D1D022}.Release|Any CPU.Build.0 = Release|Any CPU
		{070E4D67-7FA3-4BD0-AE54-49740F367CCB}.Debug|Any CPU.ActiveCfg = Debug|Any CPU
		{070E4D67-7FA3-4BD0-AE54-49740F367CCB}.Debug|Any CPU.Build.0 = Debug|Any CPU
		{070E4D67-7FA3-4BD0-AE54-49740F367CCB}.Release|Any CPU.ActiveCfg = Release|Any CPU
		{070E4D67-7FA3-4BD0-AE54-49740F367CCB}.Release|Any CPU.Build.0 = Release|Any CPU
		{7A401135-2814-495D-ACFE-DFCBFEB2D59B}.Debug|Any CPU.ActiveCfg = Debug|Any CPU
		{7A401135-2814-495D-ACFE-DFCBFEB2D59B}.Debug|Any CPU.Build.0 = Debug|Any CPU
		{7A401135-2814-495D-ACFE-DFCBFEB2D59B}.Release|Any CPU.ActiveCfg = Release|Any CPU
		{7A401135-2814-495D-ACFE-DFCBFEB2D59B}.Release|Any CPU.Build.0 = Release|Any CPU
		{66A45954-53B0-44FC-9D56-6D616D8444F6}.Debug|Any CPU.ActiveCfg = Debug|Any CPU
		{66A45954-53B0-44FC-9D56-6D616D8444F6}.Debug|Any CPU.Build.0 = Debug|Any CPU
		{66A45954-53B0-44FC-9D56-6D616D8444F6}.Release|Any CPU.ActiveCfg = Release|Any CPU
		{66A45954-53B0-44FC-9D56-6D616D8444F6}.Release|Any CPU.Build.0 = Release|Any CPU
		{88D9EA14-0EE8-475B-A29E-69A253446F04}.Debug|Any CPU.ActiveCfg = Debug|Any CPU
		{88D9EA14-0EE8-475B-A29E-69A253446F04}.Debug|Any CPU.Build.0 = Debug|Any CPU
		{88D9EA14-0EE8-475B-A29E-69A253446F04}.Release|Any CPU.ActiveCfg = Release|Any CPU
		{88D9EA14-0EE8-475B-A29E-69A253446F04}.Release|Any CPU.Build.0 = Release|Any CPU
		{9B1C99C6-0B68-4B3D-814B-BA459E4BA37F}.Debug|Any CPU.ActiveCfg = Debug|Any CPU
		{9B1C99C6-0B68-4B3D-814B-BA459E4BA37F}.Debug|Any CPU.Build.0 = Debug|Any CPU
		{9B1C99C6-0B68-4B3D-814B-BA459E4BA37F}.Release|Any CPU.ActiveCfg = Release|Any CPU
		{9B1C99C6-0B68-4B3D-814B-BA459E4BA37F}.Release|Any CPU.Build.0 = Release|Any CPU
		{0D3BA153-0EBF-4030-9837-152E7AB319C5}.Debug|Any CPU.ActiveCfg = Debug|Any CPU
		{0D3BA153-0EBF-4030-9837-152E7AB319C5}.Debug|Any CPU.Build.0 = Debug|Any CPU
		{0D3BA153-0EBF-4030-9837-152E7AB319C5}.Release|Any CPU.ActiveCfg = Release|Any CPU
		{0D3BA153-0EBF-4030-9837-152E7AB319C5}.Release|Any CPU.Build.0 = Release|Any CPU
		{093246AB-CE22-4DDD-A2F2-99905BA4E37C}.Debug|Any CPU.ActiveCfg = Debug|Any CPU
		{093246AB-CE22-4DDD-A2F2-99905BA4E37C}.Debug|Any CPU.Build.0 = Debug|Any CPU
		{093246AB-CE22-4DDD-A2F2-99905BA4E37C}.Release|Any CPU.ActiveCfg = Release|Any CPU
		{093246AB-CE22-4DDD-A2F2-99905BA4E37C}.Release|Any CPU.Build.0 = Release|Any CPU
		{2D90532C-4D04-4699-ABAB-0AD69D93A876}.Debug|Any CPU.ActiveCfg = Debug|Any CPU
		{2D90532C-4D04-4699-ABAB-0AD69D93A876}.Debug|Any CPU.Build.0 = Debug|Any CPU
		{2D90532C-4D04-4699-ABAB-0AD69D93A876}.Release|Any CPU.ActiveCfg = Release|Any CPU
		{2D90532C-4D04-4699-ABAB-0AD69D93A876}.Release|Any CPU.Build.0 = Release|Any CPU
		{76ABDEFC-E560-475C-83EE-22E8F684C807}.Debug|Any CPU.ActiveCfg = Debug|Any CPU
		{76ABDEFC-E560-475C-83EE-22E8F684C807}.Debug|Any CPU.Build.0 = Debug|Any CPU
		{76ABDEFC-E560-475C-83EE-22E8F684C807}.Release|Any CPU.ActiveCfg = Release|Any CPU
		{76ABDEFC-E560-475C-83EE-22E8F684C807}.Release|Any CPU.Build.0 = Release|Any CPU
		{AED70950-A872-47B9-9917-2698CAFCC280}.Debug|Any CPU.ActiveCfg = Debug|Any CPU
		{AED70950-A872-47B9-9917-2698CAFCC280}.Debug|Any CPU.Build.0 = Debug|Any CPU
		{AED70950-A872-47B9-9917-2698CAFCC280}.Release|Any CPU.ActiveCfg = Release|Any CPU
		{AED70950-A872-47B9-9917-2698CAFCC280}.Release|Any CPU.Build.0 = Release|Any CPU
		{66A62560-DA67-43BF-A0DE-BD51B11AD081}.Debug|Any CPU.ActiveCfg = Debug|Any CPU
		{66A62560-DA67-43BF-A0DE-BD51B11AD081}.Debug|Any CPU.Build.0 = Debug|Any CPU
		{66A62560-DA67-43BF-A0DE-BD51B11AD081}.Release|Any CPU.ActiveCfg = Release|Any CPU
		{66A62560-DA67-43BF-A0DE-BD51B11AD081}.Release|Any CPU.Build.0 = Release|Any CPU
		{510A6A8E-5DCD-49BC-A08E-808C3499E5C3}.Debug|Any CPU.ActiveCfg = Debug|Any CPU
		{510A6A8E-5DCD-49BC-A08E-808C3499E5C3}.Debug|Any CPU.Build.0 = Debug|Any CPU
		{510A6A8E-5DCD-49BC-A08E-808C3499E5C3}.Release|Any CPU.ActiveCfg = Release|Any CPU
		{510A6A8E-5DCD-49BC-A08E-808C3499E5C3}.Release|Any CPU.Build.0 = Release|Any CPU
		{611BBA0E-8BF4-4885-80DF-A91106B8A4CE}.Debug|Any CPU.ActiveCfg = Debug|Any CPU
		{611BBA0E-8BF4-4885-80DF-A91106B8A4CE}.Debug|Any CPU.Build.0 = Debug|Any CPU
		{611BBA0E-8BF4-4885-80DF-A91106B8A4CE}.Release|Any CPU.ActiveCfg = Release|Any CPU
		{611BBA0E-8BF4-4885-80DF-A91106B8A4CE}.Release|Any CPU.Build.0 = Release|Any CPU
		{8FCB4F59-0BE8-4C8C-BF1A-45CD5C0D60DE}.Debug|Any CPU.ActiveCfg = Debug|Any CPU
		{8FCB4F59-0BE8-4C8C-BF1A-45CD5C0D60DE}.Debug|Any CPU.Build.0 = Debug|Any CPU
		{8FCB4F59-0BE8-4C8C-BF1A-45CD5C0D60DE}.Release|Any CPU.ActiveCfg = Release|Any CPU
		{8FCB4F59-0BE8-4C8C-BF1A-45CD5C0D60DE}.Release|Any CPU.Build.0 = Release|Any CPU
		{F618284E-CDD7-43D4-AC38-6DC8F13647D7}.Debug|Any CPU.ActiveCfg = Debug|Any CPU
		{F618284E-CDD7-43D4-AC38-6DC8F13647D7}.Debug|Any CPU.Build.0 = Debug|Any CPU
		{F618284E-CDD7-43D4-AC38-6DC8F13647D7}.Release|Any CPU.ActiveCfg = Release|Any CPU
		{F618284E-CDD7-43D4-AC38-6DC8F13647D7}.Release|Any CPU.Build.0 = Release|Any CPU
		{C364E7B1-EC5B-4A69-963F-FD80E58B6F24}.Debug|Any CPU.ActiveCfg = Debug|Any CPU
		{C364E7B1-EC5B-4A69-963F-FD80E58B6F24}.Debug|Any CPU.Build.0 = Debug|Any CPU
		{C364E7B1-EC5B-4A69-963F-FD80E58B6F24}.Release|Any CPU.ActiveCfg = Release|Any CPU
		{C364E7B1-EC5B-4A69-963F-FD80E58B6F24}.Release|Any CPU.Build.0 = Release|Any CPU
		{1E26A3AB-4639-4C41-8528-53086A4563AE}.Debug|Any CPU.ActiveCfg = Debug|Any CPU
		{1E26A3AB-4639-4C41-8528-53086A4563AE}.Debug|Any CPU.Build.0 = Debug|Any CPU
		{1E26A3AB-4639-4C41-8528-53086A4563AE}.Release|Any CPU.ActiveCfg = Release|Any CPU
		{1E26A3AB-4639-4C41-8528-53086A4563AE}.Release|Any CPU.Build.0 = Release|Any CPU
		{CEDA3B92-3FD3-41B0-B31B-2DBDF3493FE3}.Debug|Any CPU.ActiveCfg = Debug|Any CPU
		{CEDA3B92-3FD3-41B0-B31B-2DBDF3493FE3}.Debug|Any CPU.Build.0 = Debug|Any CPU
		{CEDA3B92-3FD3-41B0-B31B-2DBDF3493FE3}.Release|Any CPU.ActiveCfg = Release|Any CPU
		{CEDA3B92-3FD3-41B0-B31B-2DBDF3493FE3}.Release|Any CPU.Build.0 = Release|Any CPU
		{A9B61C21-1A5C-45CD-944C-0D4410F2049E}.Debug|Any CPU.ActiveCfg = Debug|Any CPU
		{A9B61C21-1A5C-45CD-944C-0D4410F2049E}.Debug|Any CPU.Build.0 = Debug|Any CPU
		{A9B61C21-1A5C-45CD-944C-0D4410F2049E}.Release|Any CPU.ActiveCfg = Release|Any CPU
		{A9B61C21-1A5C-45CD-944C-0D4410F2049E}.Release|Any CPU.Build.0 = Release|Any CPU
		{1AC8FBA8-3C3F-466E-B65E-870B87F3A9B5}.Debug|Any CPU.ActiveCfg = Debug|Any CPU
		{1AC8FBA8-3C3F-466E-B65E-870B87F3A9B5}.Debug|Any CPU.Build.0 = Debug|Any CPU
		{1AC8FBA8-3C3F-466E-B65E-870B87F3A9B5}.Release|Any CPU.ActiveCfg = Release|Any CPU
		{1AC8FBA8-3C3F-466E-B65E-870B87F3A9B5}.Release|Any CPU.Build.0 = Release|Any CPU
		{73D08884-741E-41EA-9172-E3EDF79F32D7}.Debug|Any CPU.ActiveCfg = Debug|Any CPU
		{73D08884-741E-41EA-9172-E3EDF79F32D7}.Debug|Any CPU.Build.0 = Debug|Any CPU
		{73D08884-741E-41EA-9172-E3EDF79F32D7}.Release|Any CPU.ActiveCfg = Release|Any CPU
		{73D08884-741E-41EA-9172-E3EDF79F32D7}.Release|Any CPU.Build.0 = Release|Any CPU
		{C1D39633-7178-4C42-AE75-DB1E0691278A}.Debug|Any CPU.ActiveCfg = Debug|Any CPU
		{C1D39633-7178-4C42-AE75-DB1E0691278A}.Debug|Any CPU.Build.0 = Debug|Any CPU
		{C1D39633-7178-4C42-AE75-DB1E0691278A}.Release|Any CPU.ActiveCfg = Release|Any CPU
		{C1D39633-7178-4C42-AE75-DB1E0691278A}.Release|Any CPU.Build.0 = Release|Any CPU
		{92C48298-10BB-46FB-9A54-DC03258942BB}.Debug|Any CPU.ActiveCfg = Debug|Any CPU
		{92C48298-10BB-46FB-9A54-DC03258942BB}.Debug|Any CPU.Build.0 = Debug|Any CPU
		{92C48298-10BB-46FB-9A54-DC03258942BB}.Release|Any CPU.ActiveCfg = Release|Any CPU
		{92C48298-10BB-46FB-9A54-DC03258942BB}.Release|Any CPU.Build.0 = Release|Any CPU
		{88913D70-DA85-4615-95AF-20CDB3A0AABF}.Debug|Any CPU.ActiveCfg = Debug|Any CPU
		{88913D70-DA85-4615-95AF-20CDB3A0AABF}.Debug|Any CPU.Build.0 = Debug|Any CPU
		{88913D70-DA85-4615-95AF-20CDB3A0AABF}.Release|Any CPU.ActiveCfg = Release|Any CPU
		{88913D70-DA85-4615-95AF-20CDB3A0AABF}.Release|Any CPU.Build.0 = Release|Any CPU
		{42BABA47-BDD6-4300-9814-0C684EDE81FC}.Debug|Any CPU.ActiveCfg = Debug|Any CPU
		{42BABA47-BDD6-4300-9814-0C684EDE81FC}.Debug|Any CPU.Build.0 = Debug|Any CPU
		{42BABA47-BDD6-4300-9814-0C684EDE81FC}.Release|Any CPU.ActiveCfg = Release|Any CPU
		{42BABA47-BDD6-4300-9814-0C684EDE81FC}.Release|Any CPU.Build.0 = Release|Any CPU
		{74DF05AA-1AB6-446B-935F-31E39588EBDD}.Debug|Any CPU.ActiveCfg = Debug|Any CPU
		{74DF05AA-1AB6-446B-935F-31E39588EBDD}.Debug|Any CPU.Build.0 = Debug|Any CPU
		{74DF05AA-1AB6-446B-935F-31E39588EBDD}.Release|Any CPU.ActiveCfg = Release|Any CPU
		{74DF05AA-1AB6-446B-935F-31E39588EBDD}.Release|Any CPU.Build.0 = Release|Any CPU
		{E9691BC5-E195-44B3-B95C-90D6895A4856}.Debug|Any CPU.ActiveCfg = Debug|Any CPU
		{E9691BC5-E195-44B3-B95C-90D6895A4856}.Debug|Any CPU.Build.0 = Debug|Any CPU
		{E9691BC5-E195-44B3-B95C-90D6895A4856}.Release|Any CPU.ActiveCfg = Release|Any CPU
		{E9691BC5-E195-44B3-B95C-90D6895A4856}.Release|Any CPU.Build.0 = Release|Any CPU
		{1638D5C1-CAE7-4B0A-A505-56422EDF6C63}.Debug|Any CPU.ActiveCfg = Debug|Any CPU
		{1638D5C1-CAE7-4B0A-A505-56422EDF6C63}.Debug|Any CPU.Build.0 = Debug|Any CPU
		{1638D5C1-CAE7-4B0A-A505-56422EDF6C63}.Release|Any CPU.ActiveCfg = Release|Any CPU
		{1638D5C1-CAE7-4B0A-A505-56422EDF6C63}.Release|Any CPU.Build.0 = Release|Any CPU
		{F225F860-9885-4DA0-A6E7-4D6CDB17BFE2}.Debug|Any CPU.ActiveCfg = Debug|Any CPU
		{F225F860-9885-4DA0-A6E7-4D6CDB17BFE2}.Debug|Any CPU.Build.0 = Debug|Any CPU
		{F225F860-9885-4DA0-A6E7-4D6CDB17BFE2}.Release|Any CPU.ActiveCfg = Release|Any CPU
		{F225F860-9885-4DA0-A6E7-4D6CDB17BFE2}.Release|Any CPU.Build.0 = Release|Any CPU
		{FE52F20F-4FB9-4C9E-A356-21017FEF705A}.Debug|Any CPU.ActiveCfg = Debug|Any CPU
		{FE52F20F-4FB9-4C9E-A356-21017FEF705A}.Debug|Any CPU.Build.0 = Debug|Any CPU
		{FE52F20F-4FB9-4C9E-A356-21017FEF705A}.Release|Any CPU.ActiveCfg = Release|Any CPU
		{FE52F20F-4FB9-4C9E-A356-21017FEF705A}.Release|Any CPU.Build.0 = Release|Any CPU
		{46FBE32B-3F9E-42D2-914D-9343CF1B9B80}.Debug|Any CPU.ActiveCfg = Debug|Any CPU
		{46FBE32B-3F9E-42D2-914D-9343CF1B9B80}.Debug|Any CPU.Build.0 = Debug|Any CPU
		{46FBE32B-3F9E-42D2-914D-9343CF1B9B80}.Release|Any CPU.ActiveCfg = Release|Any CPU
		{46FBE32B-3F9E-42D2-914D-9343CF1B9B80}.Release|Any CPU.Build.0 = Release|Any CPU
		{1BC99B4F-2B52-4C21-BE29-ACBE4B87AA81}.Debug|Any CPU.ActiveCfg = Debug|Any CPU
		{1BC99B4F-2B52-4C21-BE29-ACBE4B87AA81}.Debug|Any CPU.Build.0 = Debug|Any CPU
		{1BC99B4F-2B52-4C21-BE29-ACBE4B87AA81}.Release|Any CPU.ActiveCfg = Release|Any CPU
		{1BC99B4F-2B52-4C21-BE29-ACBE4B87AA81}.Release|Any CPU.Build.0 = Release|Any CPU
		{34B5B3E4-DAFA-4472-87D5-25A89C12575E}.Debug|Any CPU.ActiveCfg = Debug|Any CPU
		{34B5B3E4-DAFA-4472-87D5-25A89C12575E}.Debug|Any CPU.Build.0 = Debug|Any CPU
		{34B5B3E4-DAFA-4472-87D5-25A89C12575E}.Release|Any CPU.ActiveCfg = Release|Any CPU
		{34B5B3E4-DAFA-4472-87D5-25A89C12575E}.Release|Any CPU.Build.0 = Release|Any CPU
		{AF56390C-5133-4B6F-AECF-1F8BF4FADF0F}.Debug|Any CPU.ActiveCfg = Debug|Any CPU
		{AF56390C-5133-4B6F-AECF-1F8BF4FADF0F}.Debug|Any CPU.Build.0 = Debug|Any CPU
		{AF56390C-5133-4B6F-AECF-1F8BF4FADF0F}.Release|Any CPU.ActiveCfg = Release|Any CPU
		{AF56390C-5133-4B6F-AECF-1F8BF4FADF0F}.Release|Any CPU.Build.0 = Release|Any CPU
		{E3C2A381-E50F-40E7-AF88-966A21B9CD3F}.Debug|Any CPU.ActiveCfg = Debug|Any CPU
		{E3C2A381-E50F-40E7-AF88-966A21B9CD3F}.Debug|Any CPU.Build.0 = Debug|Any CPU
		{E3C2A381-E50F-40E7-AF88-966A21B9CD3F}.Release|Any CPU.ActiveCfg = Release|Any CPU
		{E3C2A381-E50F-40E7-AF88-966A21B9CD3F}.Release|Any CPU.Build.0 = Release|Any CPU
		{F9BFE589-9429-45BD-935D-444AC068F373}.Debug|Any CPU.ActiveCfg = Debug|Any CPU
		{F9BFE589-9429-45BD-935D-444AC068F373}.Debug|Any CPU.Build.0 = Debug|Any CPU
		{F9BFE589-9429-45BD-935D-444AC068F373}.Release|Any CPU.ActiveCfg = Release|Any CPU
		{F9BFE589-9429-45BD-935D-444AC068F373}.Release|Any CPU.Build.0 = Release|Any CPU
		{75039A66-DEEA-4674-BE3D-8C0D690B9FA6}.Debug|Any CPU.ActiveCfg = Debug|Any CPU
		{75039A66-DEEA-4674-BE3D-8C0D690B9FA6}.Debug|Any CPU.Build.0 = Debug|Any CPU
		{75039A66-DEEA-4674-BE3D-8C0D690B9FA6}.Release|Any CPU.ActiveCfg = Release|Any CPU
		{75039A66-DEEA-4674-BE3D-8C0D690B9FA6}.Release|Any CPU.Build.0 = Release|Any CPU
		{BB6314B3-3A0F-4E80-9B17-C83695F51BEA}.Debug|Any CPU.ActiveCfg = Debug|Any CPU
		{BB6314B3-3A0F-4E80-9B17-C83695F51BEA}.Debug|Any CPU.Build.0 = Debug|Any CPU
		{BB6314B3-3A0F-4E80-9B17-C83695F51BEA}.Release|Any CPU.ActiveCfg = Release|Any CPU
		{BB6314B3-3A0F-4E80-9B17-C83695F51BEA}.Release|Any CPU.Build.0 = Release|Any CPU
		{280FB140-51D4-4CA5-BBC2-6CB97D41AAC9}.Debug|Any CPU.ActiveCfg = Debug|Any CPU
		{280FB140-51D4-4CA5-BBC2-6CB97D41AAC9}.Debug|Any CPU.Build.0 = Debug|Any CPU
		{280FB140-51D4-4CA5-BBC2-6CB97D41AAC9}.Release|Any CPU.ActiveCfg = Release|Any CPU
		{280FB140-51D4-4CA5-BBC2-6CB97D41AAC9}.Release|Any CPU.Build.0 = Release|Any CPU
		{D168E004-FB7F-4F56-844A-E3BE9315E4DD}.Debug|Any CPU.ActiveCfg = Debug|Any CPU
		{D168E004-FB7F-4F56-844A-E3BE9315E4DD}.Debug|Any CPU.Build.0 = Debug|Any CPU
		{D168E004-FB7F-4F56-844A-E3BE9315E4DD}.Release|Any CPU.ActiveCfg = Release|Any CPU
		{D168E004-FB7F-4F56-844A-E3BE9315E4DD}.Release|Any CPU.Build.0 = Release|Any CPU
		{33D394BB-EA42-40D3-AAB2-E46F8E4B619A}.Debug|Any CPU.ActiveCfg = Debug|Any CPU
		{33D394BB-EA42-40D3-AAB2-E46F8E4B619A}.Debug|Any CPU.Build.0 = Debug|Any CPU
		{33D394BB-EA42-40D3-AAB2-E46F8E4B619A}.Release|Any CPU.ActiveCfg = Release|Any CPU
		{33D394BB-EA42-40D3-AAB2-E46F8E4B619A}.Release|Any CPU.Build.0 = Release|Any CPU
		{328FFD40-B718-4D29-8BEE-8A02BF5F9796}.Debug|Any CPU.ActiveCfg = Debug|Any CPU
		{328FFD40-B718-4D29-8BEE-8A02BF5F9796}.Debug|Any CPU.Build.0 = Debug|Any CPU
		{328FFD40-B718-4D29-8BEE-8A02BF5F9796}.Release|Any CPU.ActiveCfg = Release|Any CPU
		{328FFD40-B718-4D29-8BEE-8A02BF5F9796}.Release|Any CPU.Build.0 = Release|Any CPU
		{0D655740-4649-450A-A483-6F5A3524283D}.Debug|Any CPU.ActiveCfg = Debug|Any CPU
		{0D655740-4649-450A-A483-6F5A3524283D}.Debug|Any CPU.Build.0 = Debug|Any CPU
		{0D655740-4649-450A-A483-6F5A3524283D}.Release|Any CPU.ActiveCfg = Release|Any CPU
		{0D655740-4649-450A-A483-6F5A3524283D}.Release|Any CPU.Build.0 = Release|Any CPU
		{11261F2E-72AB-49C8-ADE7-189A382BE4E2}.Debug|Any CPU.ActiveCfg = Debug|Any CPU
		{11261F2E-72AB-49C8-ADE7-189A382BE4E2}.Debug|Any CPU.Build.0 = Debug|Any CPU
		{11261F2E-72AB-49C8-ADE7-189A382BE4E2}.Release|Any CPU.ActiveCfg = Release|Any CPU
		{11261F2E-72AB-49C8-ADE7-189A382BE4E2}.Release|Any CPU.Build.0 = Release|Any CPU
		{DDA23178-6DEE-4903-8B48-DDA0F4B5A78C}.Debug|Any CPU.ActiveCfg = Debug|Any CPU
		{DDA23178-6DEE-4903-8B48-DDA0F4B5A78C}.Debug|Any CPU.Build.0 = Debug|Any CPU
		{DDA23178-6DEE-4903-8B48-DDA0F4B5A78C}.Release|Any CPU.ActiveCfg = Release|Any CPU
		{DDA23178-6DEE-4903-8B48-DDA0F4B5A78C}.Release|Any CPU.Build.0 = Release|Any CPU
		{E8ADEEA6-9F17-47CE-B2CF-E4530168D0B0}.Debug|Any CPU.ActiveCfg = Debug|Any CPU
		{E8ADEEA6-9F17-47CE-B2CF-E4530168D0B0}.Debug|Any CPU.Build.0 = Debug|Any CPU
		{E8ADEEA6-9F17-47CE-B2CF-E4530168D0B0}.Release|Any CPU.ActiveCfg = Release|Any CPU
		{E8ADEEA6-9F17-47CE-B2CF-E4530168D0B0}.Release|Any CPU.Build.0 = Release|Any CPU
		{E3B57564-582E-4FC4-9AC7-5EF69398B5FE}.Debug|Any CPU.ActiveCfg = Debug|Any CPU
		{E3B57564-582E-4FC4-9AC7-5EF69398B5FE}.Debug|Any CPU.Build.0 = Debug|Any CPU
		{E3B57564-582E-4FC4-9AC7-5EF69398B5FE}.Release|Any CPU.ActiveCfg = Release|Any CPU
		{E3B57564-582E-4FC4-9AC7-5EF69398B5FE}.Release|Any CPU.Build.0 = Release|Any CPU
		{0A0D76C6-2302-418E-A9FA-D1C1D28C33FC}.Debug|Any CPU.ActiveCfg = Debug|Any CPU
		{0A0D76C6-2302-418E-A9FA-D1C1D28C33FC}.Debug|Any CPU.Build.0 = Debug|Any CPU
		{0A0D76C6-2302-418E-A9FA-D1C1D28C33FC}.Release|Any CPU.ActiveCfg = Release|Any CPU
		{0A0D76C6-2302-418E-A9FA-D1C1D28C33FC}.Release|Any CPU.Build.0 = Release|Any CPU
		{87881057-D6DB-42C2-A269-8E350D17BE85}.Debug|Any CPU.ActiveCfg = Debug|Any CPU
		{87881057-D6DB-42C2-A269-8E350D17BE85}.Debug|Any CPU.Build.0 = Debug|Any CPU
		{87881057-D6DB-42C2-A269-8E350D17BE85}.Release|Any CPU.ActiveCfg = Release|Any CPU
		{87881057-D6DB-42C2-A269-8E350D17BE85}.Release|Any CPU.Build.0 = Release|Any CPU
		{1165B561-27B4-4506-BD3F-38D8725F89F9}.Debug|Any CPU.ActiveCfg = Debug|Any CPU
		{1165B561-27B4-4506-BD3F-38D8725F89F9}.Debug|Any CPU.Build.0 = Debug|Any CPU
		{1165B561-27B4-4506-BD3F-38D8725F89F9}.Release|Any CPU.ActiveCfg = Release|Any CPU
		{1165B561-27B4-4506-BD3F-38D8725F89F9}.Release|Any CPU.Build.0 = Release|Any CPU
		{D47B9A83-D6A6-4F07-B00A-C85872F85820}.Debug|Any CPU.ActiveCfg = Debug|Any CPU
		{D47B9A83-D6A6-4F07-B00A-C85872F85820}.Debug|Any CPU.Build.0 = Debug|Any CPU
		{D47B9A83-D6A6-4F07-B00A-C85872F85820}.Release|Any CPU.ActiveCfg = Release|Any CPU
		{D47B9A83-D6A6-4F07-B00A-C85872F85820}.Release|Any CPU.Build.0 = Release|Any CPU
		{638F81D9-71C5-49C9-A940-86533106A4E7}.Debug|Any CPU.ActiveCfg = Debug|Any CPU
		{638F81D9-71C5-49C9-A940-86533106A4E7}.Debug|Any CPU.Build.0 = Debug|Any CPU
		{638F81D9-71C5-49C9-A940-86533106A4E7}.Release|Any CPU.ActiveCfg = Release|Any CPU
		{638F81D9-71C5-49C9-A940-86533106A4E7}.Release|Any CPU.Build.0 = Release|Any CPU
		{EAB7D7B6-2F09-4A1C-B0F6-407AB92B9EE8}.Debug|Any CPU.ActiveCfg = Debug|Any CPU
		{EAB7D7B6-2F09-4A1C-B0F6-407AB92B9EE8}.Debug|Any CPU.Build.0 = Debug|Any CPU
		{EAB7D7B6-2F09-4A1C-B0F6-407AB92B9EE8}.Release|Any CPU.ActiveCfg = Release|Any CPU
		{EAB7D7B6-2F09-4A1C-B0F6-407AB92B9EE8}.Release|Any CPU.Build.0 = Release|Any CPU
		{92C63450-60CD-4C80-BBCE-40283D4F8D8C}.Debug|Any CPU.ActiveCfg = Debug|Any CPU
		{92C63450-60CD-4C80-BBCE-40283D4F8D8C}.Debug|Any CPU.Build.0 = Debug|Any CPU
		{92C63450-60CD-4C80-BBCE-40283D4F8D8C}.Release|Any CPU.ActiveCfg = Release|Any CPU
		{92C63450-60CD-4C80-BBCE-40283D4F8D8C}.Release|Any CPU.Build.0 = Release|Any CPU
		{F9F38A9D-66BE-493C-A300-36C1D39BBEE5}.Debug|Any CPU.ActiveCfg = Debug|Any CPU
		{F9F38A9D-66BE-493C-A300-36C1D39BBEE5}.Debug|Any CPU.Build.0 = Debug|Any CPU
		{F9F38A9D-66BE-493C-A300-36C1D39BBEE5}.Release|Any CPU.ActiveCfg = Release|Any CPU
		{F9F38A9D-66BE-493C-A300-36C1D39BBEE5}.Release|Any CPU.Build.0 = Release|Any CPU
		{4479323E-F0A4-4EC5-A91F-BB17F187C147}.Debug|Any CPU.ActiveCfg = Debug|Any CPU
		{4479323E-F0A4-4EC5-A91F-BB17F187C147}.Debug|Any CPU.Build.0 = Debug|Any CPU
		{4479323E-F0A4-4EC5-A91F-BB17F187C147}.Release|Any CPU.ActiveCfg = Release|Any CPU
		{4479323E-F0A4-4EC5-A91F-BB17F187C147}.Release|Any CPU.Build.0 = Release|Any CPU
		{21ADF9A0-01FC-407D-B794-9A5B3F77923C}.Debug|Any CPU.ActiveCfg = Debug|Any CPU
		{21ADF9A0-01FC-407D-B794-9A5B3F77923C}.Debug|Any CPU.Build.0 = Debug|Any CPU
		{21ADF9A0-01FC-407D-B794-9A5B3F77923C}.Release|Any CPU.ActiveCfg = Release|Any CPU
		{21ADF9A0-01FC-407D-B794-9A5B3F77923C}.Release|Any CPU.Build.0 = Release|Any CPU
		{201EDC7C-B76D-4E66-A710-AC65F6FA3676}.Debug|Any CPU.ActiveCfg = Debug|Any CPU
		{201EDC7C-B76D-4E66-A710-AC65F6FA3676}.Debug|Any CPU.Build.0 = Debug|Any CPU
		{201EDC7C-B76D-4E66-A710-AC65F6FA3676}.Release|Any CPU.ActiveCfg = Release|Any CPU
		{201EDC7C-B76D-4E66-A710-AC65F6FA3676}.Release|Any CPU.Build.0 = Release|Any CPU
		{4B2E00F0-79E8-43C5-9340-A472A83ECFFD}.Debug|Any CPU.ActiveCfg = Debug|Any CPU
		{4B2E00F0-79E8-43C5-9340-A472A83ECFFD}.Debug|Any CPU.Build.0 = Debug|Any CPU
		{4B2E00F0-79E8-43C5-9340-A472A83ECFFD}.Release|Any CPU.ActiveCfg = Release|Any CPU
		{4B2E00F0-79E8-43C5-9340-A472A83ECFFD}.Release|Any CPU.Build.0 = Release|Any CPU
		{2980F34E-FAAB-4A17-B1D1-18ECA98AFBC4}.Debug|Any CPU.ActiveCfg = Debug|Any CPU
		{2980F34E-FAAB-4A17-B1D1-18ECA98AFBC4}.Debug|Any CPU.Build.0 = Debug|Any CPU
		{2980F34E-FAAB-4A17-B1D1-18ECA98AFBC4}.Release|Any CPU.ActiveCfg = Release|Any CPU
		{2980F34E-FAAB-4A17-B1D1-18ECA98AFBC4}.Release|Any CPU.Build.0 = Release|Any CPU
		{89A78796-1375-4504-A2E3-CC04CBB61338}.Debug|Any CPU.ActiveCfg = Debug|Any CPU
		{89A78796-1375-4504-A2E3-CC04CBB61338}.Debug|Any CPU.Build.0 = Debug|Any CPU
		{89A78796-1375-4504-A2E3-CC04CBB61338}.Release|Any CPU.ActiveCfg = Release|Any CPU
		{89A78796-1375-4504-A2E3-CC04CBB61338}.Release|Any CPU.Build.0 = Release|Any CPU
		{409F5879-6537-410D-B0B7-DE4AA08C4260}.Debug|Any CPU.ActiveCfg = Debug|Any CPU
		{409F5879-6537-410D-B0B7-DE4AA08C4260}.Debug|Any CPU.Build.0 = Debug|Any CPU
		{409F5879-6537-410D-B0B7-DE4AA08C4260}.Release|Any CPU.ActiveCfg = Release|Any CPU
		{409F5879-6537-410D-B0B7-DE4AA08C4260}.Release|Any CPU.Build.0 = Release|Any CPU
		{1A16DA31-768F-46D4-B7CA-9B8A0B078ED4}.Debug|Any CPU.ActiveCfg = Debug|Any CPU
		{1A16DA31-768F-46D4-B7CA-9B8A0B078ED4}.Debug|Any CPU.Build.0 = Debug|Any CPU
		{1A16DA31-768F-46D4-B7CA-9B8A0B078ED4}.Release|Any CPU.ActiveCfg = Release|Any CPU
		{1A16DA31-768F-46D4-B7CA-9B8A0B078ED4}.Release|Any CPU.Build.0 = Release|Any CPU
	EndGlobalSection
	GlobalSection(SolutionProperties) = preSolution
		HideSolutionNode = FALSE
	EndGlobalSection
	GlobalSection(NestedProjects) = preSolution
		{D42AB51D-D729-4FBB-9BB0-E100F83369B9} = {7E462ECA-C891-4C4A-9CED-E342D1046DF4}
		{94297B6B-2CF3-495B-BF2B-6238F4FE04BD} = {7E462ECA-C891-4C4A-9CED-E342D1046DF4}
		{58C025BA-ADA0-4722-8BFD-3A5D96943009} = {D42AB51D-D729-4FBB-9BB0-E100F83369B9}
		{5795C49F-301D-4DC8-B142-35B65D2AD80F} = {D42AB51D-D729-4FBB-9BB0-E100F83369B9}
		{7673ED4B-ECC5-4734-A6A9-9B24694343A4} = {D42AB51D-D729-4FBB-9BB0-E100F83369B9}
		{FCB76074-AE5D-453D-BA3E-A795090D53F0} = {D42AB51D-D729-4FBB-9BB0-E100F83369B9}
		{7DAF7198-11A3-4B1B-96E1-B03AB33A6241} = {D42AB51D-D729-4FBB-9BB0-E100F83369B9}
		{E9B534F7-B171-4BB0-9314-10D541FC41A9} = {D42AB51D-D729-4FBB-9BB0-E100F83369B9}
		{1D65579A-276D-406C-8345-F52335D65606} = {D42AB51D-D729-4FBB-9BB0-E100F83369B9}
		{03D4EF9D-01CB-4E33-AEDB-035B29DFEDB6} = {D42AB51D-D729-4FBB-9BB0-E100F83369B9}
		{B02B2743-1F54-4D9D-8975-3425C5FBF7E1} = {D42AB51D-D729-4FBB-9BB0-E100F83369B9}
		{008AF3D1-CAA4-4A00-AF0F-F62E7EF90C00} = {D42AB51D-D729-4FBB-9BB0-E100F83369B9}
		{9F521137-FFF3-4E30-9FD6-95FCF862AAF4} = {94297B6B-2CF3-495B-BF2B-6238F4FE04BD}
		{D4654498-8194-4497-A70A-EED819FA0DC0} = {94297B6B-2CF3-495B-BF2B-6238F4FE04BD}
		{84802D51-1861-479D-A037-6F06DDD4AC37} = {94297B6B-2CF3-495B-BF2B-6238F4FE04BD}
		{4C96BF99-D54C-48EB-8151-CAEDEEB2DCB7} = {94297B6B-2CF3-495B-BF2B-6238F4FE04BD}
		{CC9F2FAF-230D-4A18-BF8A-CC5BAABC536B} = {94297B6B-2CF3-495B-BF2B-6238F4FE04BD}
		{9CDF6C49-C994-464C-BA59-F088AF3A2007} = {94297B6B-2CF3-495B-BF2B-6238F4FE04BD}
		{4460B15A-1981-404C-84A6-6ADFD3EC0E2C} = {94297B6B-2CF3-495B-BF2B-6238F4FE04BD}
		{362C1D59-0915-4ADF-B9E6-63B4F5D87BC8} = {94297B6B-2CF3-495B-BF2B-6238F4FE04BD}
		{96F32025-FEC2-4B19-9779-A73454C0D3E2} = {94297B6B-2CF3-495B-BF2B-6238F4FE04BD}
		{75CB7346-6350-4B3E-99BD-BE0DC68C62C4} = {94297B6B-2CF3-495B-BF2B-6238F4FE04BD}
		{5EEE93FB-26A5-40F9-A345-86EED2204FD5} = {7E462ECA-C891-4C4A-9CED-E342D1046DF4}
		{63F5286C-65C3-4DBE-9DC5-18DEF3CB2156} = {5EEE93FB-26A5-40F9-A345-86EED2204FD5}
		{409D338F-9FA4-4FDB-B382-5EC76EE4F3A5} = {5EEE93FB-26A5-40F9-A345-86EED2204FD5}
		{7E1922C6-9B19-4C4E-870E-9759C6D1D022} = {5EEE93FB-26A5-40F9-A345-86EED2204FD5}
		{070E4D67-7FA3-4BD0-AE54-49740F367CCB} = {5EEE93FB-26A5-40F9-A345-86EED2204FD5}
		{7A401135-2814-495D-ACFE-DFCBFEB2D59B} = {5EEE93FB-26A5-40F9-A345-86EED2204FD5}
		{66A45954-53B0-44FC-9D56-6D616D8444F6} = {5EEE93FB-26A5-40F9-A345-86EED2204FD5}
		{88D9EA14-0EE8-475B-A29E-69A253446F04} = {5EEE93FB-26A5-40F9-A345-86EED2204FD5}
		{9B1C99C6-0B68-4B3D-814B-BA459E4BA37F} = {5EEE93FB-26A5-40F9-A345-86EED2204FD5}
		{0D3BA153-0EBF-4030-9837-152E7AB319C5} = {5EEE93FB-26A5-40F9-A345-86EED2204FD5}
		{093246AB-CE22-4DDD-A2F2-99905BA4E37C} = {5EEE93FB-26A5-40F9-A345-86EED2204FD5}
		{64E57F0D-12F0-4C8B-9613-E950A7B6B837} = {7E462ECA-C891-4C4A-9CED-E342D1046DF4}
		{2D90532C-4D04-4699-ABAB-0AD69D93A876} = {64E57F0D-12F0-4C8B-9613-E950A7B6B837}
		{76ABDEFC-E560-475C-83EE-22E8F684C807} = {64E57F0D-12F0-4C8B-9613-E950A7B6B837}
		{AED70950-A872-47B9-9917-2698CAFCC280} = {64E57F0D-12F0-4C8B-9613-E950A7B6B837}
		{66A62560-DA67-43BF-A0DE-BD51B11AD081} = {64E57F0D-12F0-4C8B-9613-E950A7B6B837}
		{510A6A8E-5DCD-49BC-A08E-808C3499E5C3} = {64E57F0D-12F0-4C8B-9613-E950A7B6B837}
		{611BBA0E-8BF4-4885-80DF-A91106B8A4CE} = {64E57F0D-12F0-4C8B-9613-E950A7B6B837}
		{8FCB4F59-0BE8-4C8C-BF1A-45CD5C0D60DE} = {64E57F0D-12F0-4C8B-9613-E950A7B6B837}
		{F618284E-CDD7-43D4-AC38-6DC8F13647D7} = {64E57F0D-12F0-4C8B-9613-E950A7B6B837}
		{C364E7B1-EC5B-4A69-963F-FD80E58B6F24} = {64E57F0D-12F0-4C8B-9613-E950A7B6B837}
		{1E26A3AB-4639-4C41-8528-53086A4563AE} = {64E57F0D-12F0-4C8B-9613-E950A7B6B837}
		{40B25A4A-0046-440F-9131-ED2B8646FCC8} = {7E462ECA-C891-4C4A-9CED-E342D1046DF4}
		{CEDA3B92-3FD3-41B0-B31B-2DBDF3493FE3} = {40B25A4A-0046-440F-9131-ED2B8646FCC8}
		{A9B61C21-1A5C-45CD-944C-0D4410F2049E} = {40B25A4A-0046-440F-9131-ED2B8646FCC8}
		{1AC8FBA8-3C3F-466E-B65E-870B87F3A9B5} = {40B25A4A-0046-440F-9131-ED2B8646FCC8}
		{73D08884-741E-41EA-9172-E3EDF79F32D7} = {40B25A4A-0046-440F-9131-ED2B8646FCC8}
		{C1D39633-7178-4C42-AE75-DB1E0691278A} = {40B25A4A-0046-440F-9131-ED2B8646FCC8}
		{92C48298-10BB-46FB-9A54-DC03258942BB} = {40B25A4A-0046-440F-9131-ED2B8646FCC8}
		{88913D70-DA85-4615-95AF-20CDB3A0AABF} = {40B25A4A-0046-440F-9131-ED2B8646FCC8}
		{42BABA47-BDD6-4300-9814-0C684EDE81FC} = {40B25A4A-0046-440F-9131-ED2B8646FCC8}
		{74DF05AA-1AB6-446B-935F-31E39588EBDD} = {40B25A4A-0046-440F-9131-ED2B8646FCC8}
		{E9691BC5-E195-44B3-B95C-90D6895A4856} = {40B25A4A-0046-440F-9131-ED2B8646FCC8}
		{3C263EF8-81D6-4ED8-A758-5B5B4E1F27DB} = {7E462ECA-C891-4C4A-9CED-E342D1046DF4}
		{1638D5C1-CAE7-4B0A-A505-56422EDF6C63} = {3C263EF8-81D6-4ED8-A758-5B5B4E1F27DB}
		{F225F860-9885-4DA0-A6E7-4D6CDB17BFE2} = {3C263EF8-81D6-4ED8-A758-5B5B4E1F27DB}
		{FE52F20F-4FB9-4C9E-A356-21017FEF705A} = {3C263EF8-81D6-4ED8-A758-5B5B4E1F27DB}
		{46FBE32B-3F9E-42D2-914D-9343CF1B9B80} = {3C263EF8-81D6-4ED8-A758-5B5B4E1F27DB}
		{1BC99B4F-2B52-4C21-BE29-ACBE4B87AA81} = {3C263EF8-81D6-4ED8-A758-5B5B4E1F27DB}
		{34B5B3E4-DAFA-4472-87D5-25A89C12575E} = {3C263EF8-81D6-4ED8-A758-5B5B4E1F27DB}
		{AF56390C-5133-4B6F-AECF-1F8BF4FADF0F} = {3C263EF8-81D6-4ED8-A758-5B5B4E1F27DB}
		{E3C2A381-E50F-40E7-AF88-966A21B9CD3F} = {3C263EF8-81D6-4ED8-A758-5B5B4E1F27DB}
		{F9BFE589-9429-45BD-935D-444AC068F373} = {3C263EF8-81D6-4ED8-A758-5B5B4E1F27DB}
		{75039A66-DEEA-4674-BE3D-8C0D690B9FA6} = {3C263EF8-81D6-4ED8-A758-5B5B4E1F27DB}
		{BB6314B3-3A0F-4E80-9B17-C83695F51BEA} = {3C263EF8-81D6-4ED8-A758-5B5B4E1F27DB}
		{CC4525CF-F72F-4DC7-9254-78ECAC510228} = {7E462ECA-C891-4C4A-9CED-E342D1046DF4}
		{280FB140-51D4-4CA5-BBC2-6CB97D41AAC9} = {CC4525CF-F72F-4DC7-9254-78ECAC510228}
		{D168E004-FB7F-4F56-844A-E3BE9315E4DD} = {CC4525CF-F72F-4DC7-9254-78ECAC510228}
		{33D394BB-EA42-40D3-AAB2-E46F8E4B619A} = {CC4525CF-F72F-4DC7-9254-78ECAC510228}
		{328FFD40-B718-4D29-8BEE-8A02BF5F9796} = {CC4525CF-F72F-4DC7-9254-78ECAC510228}
		{0D655740-4649-450A-A483-6F5A3524283D} = {CC4525CF-F72F-4DC7-9254-78ECAC510228}
		{11261F2E-72AB-49C8-ADE7-189A382BE4E2} = {CC4525CF-F72F-4DC7-9254-78ECAC510228}
		{DDA23178-6DEE-4903-8B48-DDA0F4B5A78C} = {CC4525CF-F72F-4DC7-9254-78ECAC510228}
		{E8ADEEA6-9F17-47CE-B2CF-E4530168D0B0} = {CC4525CF-F72F-4DC7-9254-78ECAC510228}
		{E3B57564-582E-4FC4-9AC7-5EF69398B5FE} = {CC4525CF-F72F-4DC7-9254-78ECAC510228}
		{0A0D76C6-2302-418E-A9FA-D1C1D28C33FC} = {CC4525CF-F72F-4DC7-9254-78ECAC510228}
		{998AD3B9-12D0-485C-B5DC-36121E1CD35F} = {7E462ECA-C891-4C4A-9CED-E342D1046DF4}
		{87881057-D6DB-42C2-A269-8E350D17BE85} = {998AD3B9-12D0-485C-B5DC-36121E1CD35F}
		{1165B561-27B4-4506-BD3F-38D8725F89F9} = {998AD3B9-12D0-485C-B5DC-36121E1CD35F}
		{D47B9A83-D6A6-4F07-B00A-C85872F85820} = {998AD3B9-12D0-485C-B5DC-36121E1CD35F}
		{638F81D9-71C5-49C9-A940-86533106A4E7} = {998AD3B9-12D0-485C-B5DC-36121E1CD35F}
		{EAB7D7B6-2F09-4A1C-B0F6-407AB92B9EE8} = {998AD3B9-12D0-485C-B5DC-36121E1CD35F}
		{92C63450-60CD-4C80-BBCE-40283D4F8D8C} = {998AD3B9-12D0-485C-B5DC-36121E1CD35F}
		{F9F38A9D-66BE-493C-A300-36C1D39BBEE5} = {998AD3B9-12D0-485C-B5DC-36121E1CD35F}
		{4479323E-F0A4-4EC5-A91F-BB17F187C147} = {998AD3B9-12D0-485C-B5DC-36121E1CD35F}
		{21ADF9A0-01FC-407D-B794-9A5B3F77923C} = {998AD3B9-12D0-485C-B5DC-36121E1CD35F}
		{201EDC7C-B76D-4E66-A710-AC65F6FA3676} = {998AD3B9-12D0-485C-B5DC-36121E1CD35F}
		{521A175B-2942-47A1-B207-94B311EF6E5D} = {11F4AA21-D6A2-455C-AF4B-9D1E2DC52F4B}
		{65320D93-615C-4BE8-ADCE-DECC781C0668} = {11F4AA21-D6A2-455C-AF4B-9D1E2DC52F4B}
		{614B9FDB-66D4-40E4-8307-5D26CBF7288D} = {65320D93-615C-4BE8-ADCE-DECC781C0668}
		{4559A1C2-E666-4F38-8453-F8569A984FC5} = {65320D93-615C-4BE8-ADCE-DECC781C0668}
		{9ED285EF-1CFB-4688-860F-259874DDD87E} = {521A175B-2942-47A1-B207-94B311EF6E5D}
		{9C9714C6-989C-4DE1-96D3-924CA508533D} = {521A175B-2942-47A1-B207-94B311EF6E5D}
		{4B2E00F0-79E8-43C5-9340-A472A83ECFFD} = {9ED285EF-1CFB-4688-860F-259874DDD87E}
		{2980F34E-FAAB-4A17-B1D1-18ECA98AFBC4} = {9ED285EF-1CFB-4688-860F-259874DDD87E}
		{89A78796-1375-4504-A2E3-CC04CBB61338} = {9ED285EF-1CFB-4688-860F-259874DDD87E}
		{409F5879-6537-410D-B0B7-DE4AA08C4260} = {9ED285EF-1CFB-4688-860F-259874DDD87E}
		{1A16DA31-768F-46D4-B7CA-9B8A0B078ED4} = {9ED285EF-1CFB-4688-860F-259874DDD87E}
	EndGlobalSection
	GlobalSection(ExtensibilityGlobals) = postSolution
		SolutionGuid = {E795D277-56A5-46C4-B7C1-74242DA874B0}
	EndGlobalSection
EndGlobal
